// !$*UTF8*$!
{
	archiveVersion = 1;
	classes = {
	};
	objectVersion = 55;
	objects = {

/* Begin PBXBuildFile section */
		B43EE893286E25F8002BEE9F /* KeyValueModel.swift in Sources */ = {isa = PBXBuildFile; fileRef = B43EE892286E25F8002BEE9F /* KeyValueModel.swift */; };
		B43EE895286E283B002BEE9F /* ServerModel.swift in Sources */ = {isa = PBXBuildFile; fileRef = B43EE894286E283B002BEE9F /* ServerModel.swift */; };
		B43EE897286E551D002BEE9F /* ImagePickerView.swift in Sources */ = {isa = PBXBuildFile; fileRef = B43EE896286E551D002BEE9F /* ImagePickerView.swift */; };
		B477F0E0286B231500852AFE /* GotifyApp.swift in Sources */ = {isa = PBXBuildFile; fileRef = B477F0DF286B231500852AFE /* GotifyApp.swift */; };
		B477F0E4286B231600852AFE /* Assets.xcassets in Resources */ = {isa = PBXBuildFile; fileRef = B477F0E3286B231600852AFE /* Assets.xcassets */; };
		B477F0E7286B231600852AFE /* Preview Assets.xcassets in Resources */ = {isa = PBXBuildFile; fileRef = B477F0E6286B231600852AFE /* Preview Assets.xcassets */; };
		B477F0E9286B231600852AFE /* Persistence.swift in Sources */ = {isa = PBXBuildFile; fileRef = B477F0E8286B231600852AFE /* Persistence.swift */; };
		B477F0EC286B231600852AFE /* Gotify.xcdatamodeld in Sources */ = {isa = PBXBuildFile; fileRef = B477F0EA286B231600852AFE /* Gotify.xcdatamodeld */; };
		B477F0F8286B250400852AFE /* Client.swift in Sources */ = {isa = PBXBuildFile; fileRef = B477F0F7286B250400852AFE /* Client.swift */; };
		B477F0FA286B252900852AFE /* User.swift in Sources */ = {isa = PBXBuildFile; fileRef = B477F0F9286B252900852AFE /* User.swift */; };
		B477F0FC286B25AB00852AFE /* GotifyError.swift in Sources */ = {isa = PBXBuildFile; fileRef = B477F0FB286B25AB00852AFE /* GotifyError.swift */; };
		B477F0FE286B26CD00852AFE /* Version.swift in Sources */ = {isa = PBXBuildFile; fileRef = B477F0FD286B26CD00852AFE /* Version.swift */; };
		B477F101286B270C00852AFE /* Delegate.swift in Sources */ = {isa = PBXBuildFile; fileRef = B477F100286B270C00852AFE /* Delegate.swift */; };
		B477F104286B28CC00852AFE /* Alamofire in Frameworks */ = {isa = PBXBuildFile; productRef = B477F103286B28CC00852AFE /* Alamofire */; };
		B477F106286B31F500852AFE /* ContentView.swift in Sources */ = {isa = PBXBuildFile; fileRef = B477F105286B31F500852AFE /* ContentView.swift */; };
		B4ADD31D286DA42700CC58AF /* ApplicationModel.swift in Sources */ = {isa = PBXBuildFile; fileRef = B4ADD319286DA42700CC58AF /* ApplicationModel.swift */; };
		B4ADD31F286DA42700CC58AF /* MessageModel.swift in Sources */ = {isa = PBXBuildFile; fileRef = B4ADD31B286DA42700CC58AF /* MessageModel.swift */; };
		B4ADD324286DB6FC00CC58AF /* MessageDetailView.swift in Sources */ = {isa = PBXBuildFile; fileRef = B4ADD323286DB6FC00CC58AF /* MessageDetailView.swift */; };
		B4ADD326286DB94700CC58AF /* ApplicationDetailView.swift in Sources */ = {isa = PBXBuildFile; fileRef = B4ADD325286DB94700CC58AF /* ApplicationDetailView.swift */; };
		B4ADD328286DBBFB00CC58AF /* ApplicationListView.swift in Sources */ = {isa = PBXBuildFile; fileRef = B4ADD327286DBBFB00CC58AF /* ApplicationListView.swift */; };
		B4ADD32A286DBC7D00CC58AF /* ApplicationRowComponent.swift in Sources */ = {isa = PBXBuildFile; fileRef = B4ADD329286DBC7D00CC58AF /* ApplicationRowComponent.swift */; };
		B4ADD32C286DBCC100CC58AF /* MessageRowComponent.swift in Sources */ = {isa = PBXBuildFile; fileRef = B4ADD32B286DBCC100CC58AF /* MessageRowComponent.swift */; };
		B4ADD332286DC9D100CC58AF /* SettingsView.swift in Sources */ = {isa = PBXBuildFile; fileRef = B4ADD331286DC9D100CC58AF /* SettingsView.swift */; };
		B4CE7C7A286B56350062F4C2 /* Paging.swift in Sources */ = {isa = PBXBuildFile; fileRef = B4CE7C79286B56350062F4C2 /* Paging.swift */; };
/* End PBXBuildFile section */

/* Begin PBXFileReference section */
		B43EE892286E25F8002BEE9F /* KeyValueModel.swift */ = {isa = PBXFileReference; lastKnownFileType = sourcecode.swift; path = KeyValueModel.swift; sourceTree = "<group>"; };
		B43EE894286E283B002BEE9F /* ServerModel.swift */ = {isa = PBXFileReference; lastKnownFileType = sourcecode.swift; path = ServerModel.swift; sourceTree = "<group>"; };
		B43EE896286E551D002BEE9F /* ImagePickerView.swift */ = {isa = PBXFileReference; lastKnownFileType = sourcecode.swift; path = ImagePickerView.swift; sourceTree = "<group>"; };
		B477F0DC286B231500852AFE /* Gotify.app */ = {isa = PBXFileReference; explicitFileType = wrapper.application; includeInIndex = 0; path = Gotify.app; sourceTree = BUILT_PRODUCTS_DIR; };
		B477F0DF286B231500852AFE /* GotifyApp.swift */ = {isa = PBXFileReference; lastKnownFileType = sourcecode.swift; path = GotifyApp.swift; sourceTree = "<group>"; };
		B477F0E3286B231600852AFE /* Assets.xcassets */ = {isa = PBXFileReference; lastKnownFileType = folder.assetcatalog; path = Assets.xcassets; sourceTree = "<group>"; };
		B477F0E6286B231600852AFE /* Preview Assets.xcassets */ = {isa = PBXFileReference; lastKnownFileType = folder.assetcatalog; path = "Preview Assets.xcassets"; sourceTree = "<group>"; };
		B477F0E8286B231600852AFE /* Persistence.swift */ = {isa = PBXFileReference; lastKnownFileType = sourcecode.swift; path = Persistence.swift; sourceTree = "<group>"; };
		B477F0EB286B231600852AFE /* Gotify.xcdatamodel */ = {isa = PBXFileReference; lastKnownFileType = wrapper.xcdatamodel; path = Gotify.xcdatamodel; sourceTree = "<group>"; };
		B477F0F7286B250400852AFE /* Client.swift */ = {isa = PBXFileReference; lastKnownFileType = sourcecode.swift; path = Client.swift; sourceTree = "<group>"; };
		B477F0F9286B252900852AFE /* User.swift */ = {isa = PBXFileReference; lastKnownFileType = sourcecode.swift; path = User.swift; sourceTree = "<group>"; };
		B477F0FB286B25AB00852AFE /* GotifyError.swift */ = {isa = PBXFileReference; lastKnownFileType = sourcecode.swift; path = GotifyError.swift; sourceTree = "<group>"; };
		B477F0FD286B26CD00852AFE /* Version.swift */ = {isa = PBXFileReference; lastKnownFileType = sourcecode.swift; path = Version.swift; sourceTree = "<group>"; };
		B477F100286B270C00852AFE /* Delegate.swift */ = {isa = PBXFileReference; lastKnownFileType = sourcecode.swift; path = Delegate.swift; sourceTree = "<group>"; };
		B477F105286B31F500852AFE /* ContentView.swift */ = {isa = PBXFileReference; lastKnownFileType = sourcecode.swift; path = ContentView.swift; sourceTree = "<group>"; };
		B4ADD319286DA42700CC58AF /* ApplicationModel.swift */ = {isa = PBXFileReference; lastKnownFileType = sourcecode.swift; path = ApplicationModel.swift; sourceTree = "<group>"; };
		B4ADD31B286DA42700CC58AF /* MessageModel.swift */ = {isa = PBXFileReference; lastKnownFileType = sourcecode.swift; path = MessageModel.swift; sourceTree = "<group>"; };
		B4ADD323286DB6FC00CC58AF /* MessageDetailView.swift */ = {isa = PBXFileReference; lastKnownFileType = sourcecode.swift; path = MessageDetailView.swift; sourceTree = "<group>"; };
		B4ADD325286DB94700CC58AF /* ApplicationDetailView.swift */ = {isa = PBXFileReference; lastKnownFileType = sourcecode.swift; path = ApplicationDetailView.swift; sourceTree = "<group>"; };
		B4ADD327286DBBFB00CC58AF /* ApplicationListView.swift */ = {isa = PBXFileReference; lastKnownFileType = sourcecode.swift; path = ApplicationListView.swift; sourceTree = "<group>"; };
		B4ADD329286DBC7D00CC58AF /* ApplicationRowComponent.swift */ = {isa = PBXFileReference; lastKnownFileType = sourcecode.swift; path = ApplicationRowComponent.swift; sourceTree = "<group>"; };
		B4ADD32B286DBCC100CC58AF /* MessageRowComponent.swift */ = {isa = PBXFileReference; lastKnownFileType = sourcecode.swift; path = MessageRowComponent.swift; sourceTree = "<group>"; };
		B4ADD331286DC9D100CC58AF /* SettingsView.swift */ = {isa = PBXFileReference; lastKnownFileType = sourcecode.swift; path = SettingsView.swift; sourceTree = "<group>"; };
		B4CE7C79286B56350062F4C2 /* Paging.swift */ = {isa = PBXFileReference; lastKnownFileType = sourcecode.swift; path = Paging.swift; sourceTree = "<group>"; };
/* End PBXFileReference section */

/* Begin PBXFrameworksBuildPhase section */
		B477F0D9286B231500852AFE /* Frameworks */ = {
			isa = PBXFrameworksBuildPhase;
			buildActionMask = 2147483647;
			files = (
				B477F104286B28CC00852AFE /* Alamofire in Frameworks */,
			);
			runOnlyForDeploymentPostprocessing = 0;
		};
/* End PBXFrameworksBuildPhase section */

/* Begin PBXGroup section */
		B477F0D3286B231500852AFE = {
			isa = PBXGroup;
			children = (
				B477F0DE286B231500852AFE /* Gotify */,
				B477F0DD286B231500852AFE /* Products */,
			);
			sourceTree = "<group>";
		};
		B477F0DD286B231500852AFE /* Products */ = {
			isa = PBXGroup;
			children = (
				B477F0DC286B231500852AFE /* Gotify.app */,
			);
			name = Products;
			sourceTree = "<group>";
		};
		B477F0DE286B231500852AFE /* Gotify */ = {
			isa = PBXGroup;
			children = (
				B477F0F2286B236B00852AFE /* API */,
				B4ADD321286DA43600CC58AF /* Models */,
				B477F0E5286B231600852AFE /* Preview Content */,
				B4ADD322286DB6E600CC58AF /* Views */,
				B477F0E3286B231600852AFE /* Assets.xcassets */,
				B477F105286B31F500852AFE /* ContentView.swift */,
				B477F0EA286B231600852AFE /* Gotify.xcdatamodeld */,
				B477F0DF286B231500852AFE /* GotifyApp.swift */,
				B477F0E8286B231600852AFE /* Persistence.swift */,
			);
			path = Gotify;
			sourceTree = "<group>";
		};
		B477F0E5286B231600852AFE /* Preview Content */ = {
			isa = PBXGroup;
			children = (
				B477F0E6286B231600852AFE /* Preview Assets.xcassets */,
			);
			path = "Preview Content";
			sourceTree = "<group>";
		};
		B477F0F2286B236B00852AFE /* API */ = {
			isa = PBXGroup;
			children = (
				B477F0FF286B26F800852AFE /* Models */,
				B477F100286B270C00852AFE /* Delegate.swift */,
			);
			path = API;
			sourceTree = "<group>";
		};
		B477F0FF286B26F800852AFE /* Models */ = {
			isa = PBXGroup;
			children = (
				B477F0F7286B250400852AFE /* Client.swift */,
				B477F0FB286B25AB00852AFE /* GotifyError.swift */,
				B4CE7C79286B56350062F4C2 /* Paging.swift */,
				B477F0F9286B252900852AFE /* User.swift */,
				B477F0FD286B26CD00852AFE /* Version.swift */,
			);
			path = Models;
			sourceTree = "<group>";
		};
		B4ADD321286DA43600CC58AF /* Models */ = {
			isa = PBXGroup;
			children = (
				B4ADD319286DA42700CC58AF /* ApplicationModel.swift */,
				B43EE892286E25F8002BEE9F /* KeyValueModel.swift */,
				B4ADD31B286DA42700CC58AF /* MessageModel.swift */,
				B43EE894286E283B002BEE9F /* ServerModel.swift */,
			);
			path = Models;
			sourceTree = "<group>";
		};
		B4ADD322286DB6E600CC58AF /* Views */ = {
			isa = PBXGroup;
			children = (
				B4ADD325286DB94700CC58AF /* ApplicationDetailView.swift */,
				B4ADD327286DBBFB00CC58AF /* ApplicationListView.swift */,
				B4ADD329286DBC7D00CC58AF /* ApplicationRowComponent.swift */,
				B4ADD323286DB6FC00CC58AF /* MessageDetailView.swift */,
				B4ADD32B286DBCC100CC58AF /* MessageRowComponent.swift */,
				B4ADD331286DC9D100CC58AF /* SettingsView.swift */,
				B43EE896286E551D002BEE9F /* ImagePickerView.swift */,
			);
			path = Views;
			sourceTree = "<group>";
		};
/* End PBXGroup section */

/* Begin PBXNativeTarget section */
		B477F0DB286B231500852AFE /* Gotify */ = {
			isa = PBXNativeTarget;
			buildConfigurationList = B477F0EF286B231600852AFE /* Build configuration list for PBXNativeTarget "Gotify" */;
			buildPhases = (
				B477F0D8286B231500852AFE /* Sources */,
				B477F0D9286B231500852AFE /* Frameworks */,
				B477F0DA286B231500852AFE /* Resources */,
			);
			buildRules = (
			);
			dependencies = (
			);
			name = Gotify;
			packageProductDependencies = (
				B477F103286B28CC00852AFE /* Alamofire */,
			);
			productName = Gotify;
			productReference = B477F0DC286B231500852AFE /* Gotify.app */;
			productType = "com.apple.product-type.application";
		};
/* End PBXNativeTarget section */

/* Begin PBXProject section */
		B477F0D4286B231500852AFE /* Project object */ = {
			isa = PBXProject;
			attributes = {
				BuildIndependentTargetsInParallel = 1;
				LastSwiftUpdateCheck = 1330;
				LastUpgradeCheck = 1330;
				TargetAttributes = {
					B477F0DB286B231500852AFE = {
						CreatedOnToolsVersion = 13.3.1;
					};
				};
			};
			buildConfigurationList = B477F0D7286B231500852AFE /* Build configuration list for PBXProject "Gotify" */;
			compatibilityVersion = "Xcode 13.0";
			developmentRegion = en;
			hasScannedForEncodings = 0;
			knownRegions = (
				en,
				Base,
			);
			mainGroup = B477F0D3286B231500852AFE;
			packageReferences = (
				B477F102286B28CC00852AFE /* XCRemoteSwiftPackageReference "Alamofire" */,
			);
			productRefGroup = B477F0DD286B231500852AFE /* Products */;
			projectDirPath = "";
			projectRoot = "";
			targets = (
				B477F0DB286B231500852AFE /* Gotify */,
			);
		};
/* End PBXProject section */

/* Begin PBXResourcesBuildPhase section */
		B477F0DA286B231500852AFE /* Resources */ = {
			isa = PBXResourcesBuildPhase;
			buildActionMask = 2147483647;
			files = (
				B477F0E7286B231600852AFE /* Preview Assets.xcassets in Resources */,
				B477F0E4286B231600852AFE /* Assets.xcassets in Resources */,
			);
			runOnlyForDeploymentPostprocessing = 0;
		};
/* End PBXResourcesBuildPhase section */

/* Begin PBXSourcesBuildPhase section */
		B477F0D8286B231500852AFE /* Sources */ = {
			isa = PBXSourcesBuildPhase;
			buildActionMask = 2147483647;
			files = (
				B4ADD332286DC9D100CC58AF /* SettingsView.swift in Sources */,
				B477F0F8286B250400852AFE /* Client.swift in Sources */,
				B477F0E9286B231600852AFE /* Persistence.swift in Sources */,
				B4ADD32C286DBCC100CC58AF /* MessageRowComponent.swift in Sources */,
				B43EE897286E551D002BEE9F /* ImagePickerView.swift in Sources */,
				B477F0EC286B231600852AFE /* Gotify.xcdatamodeld in Sources */,
				B4ADD324286DB6FC00CC58AF /* MessageDetailView.swift in Sources */,
				B4ADD328286DBBFB00CC58AF /* ApplicationListView.swift in Sources */,
				B477F0FA286B252900852AFE /* User.swift in Sources */,
				B4CE7C7A286B56350062F4C2 /* Paging.swift in Sources */,
				B4ADD326286DB94700CC58AF /* ApplicationDetailView.swift in Sources */,
				B477F0FE286B26CD00852AFE /* Version.swift in Sources */,
				B4ADD32A286DBC7D00CC58AF /* ApplicationRowComponent.swift in Sources */,
				B477F101286B270C00852AFE /* Delegate.swift in Sources */,
				B4ADD31F286DA42700CC58AF /* MessageModel.swift in Sources */,
				B43EE895286E283B002BEE9F /* ServerModel.swift in Sources */,
				B43EE893286E25F8002BEE9F /* KeyValueModel.swift in Sources */,
				B4ADD31D286DA42700CC58AF /* ApplicationModel.swift in Sources */,
				B477F106286B31F500852AFE /* ContentView.swift in Sources */,
				B477F0FC286B25AB00852AFE /* GotifyError.swift in Sources */,
				B477F0E0286B231500852AFE /* GotifyApp.swift in Sources */,
			);
			runOnlyForDeploymentPostprocessing = 0;
		};
/* End PBXSourcesBuildPhase section */

/* Begin XCBuildConfiguration section */
		B477F0ED286B231600852AFE /* Debug */ = {
			isa = XCBuildConfiguration;
			buildSettings = {
				ALWAYS_SEARCH_USER_PATHS = NO;
				CLANG_ANALYZER_NONNULL = YES;
				CLANG_ANALYZER_NUMBER_OBJECT_CONVERSION = YES_AGGRESSIVE;
				CLANG_CXX_LANGUAGE_STANDARD = "gnu++17";
				CLANG_ENABLE_MODULES = YES;
				CLANG_ENABLE_OBJC_ARC = YES;
				CLANG_ENABLE_OBJC_WEAK = YES;
				CLANG_WARN_BLOCK_CAPTURE_AUTORELEASING = YES;
				CLANG_WARN_BOOL_CONVERSION = YES;
				CLANG_WARN_COMMA = YES;
				CLANG_WARN_CONSTANT_CONVERSION = YES;
				CLANG_WARN_DEPRECATED_OBJC_IMPLEMENTATIONS = YES;
				CLANG_WARN_DIRECT_OBJC_ISA_USAGE = YES_ERROR;
				CLANG_WARN_DOCUMENTATION_COMMENTS = YES;
				CLANG_WARN_EMPTY_BODY = YES;
				CLANG_WARN_ENUM_CONVERSION = YES;
				CLANG_WARN_INFINITE_RECURSION = YES;
				CLANG_WARN_INT_CONVERSION = YES;
				CLANG_WARN_NON_LITERAL_NULL_CONVERSION = YES;
				CLANG_WARN_OBJC_IMPLICIT_RETAIN_SELF = YES;
				CLANG_WARN_OBJC_LITERAL_CONVERSION = YES;
				CLANG_WARN_OBJC_ROOT_CLASS = YES_ERROR;
				CLANG_WARN_QUOTED_INCLUDE_IN_FRAMEWORK_HEADER = YES;
				CLANG_WARN_RANGE_LOOP_ANALYSIS = YES;
				CLANG_WARN_STRICT_PROTOTYPES = YES;
				CLANG_WARN_SUSPICIOUS_MOVE = YES;
				CLANG_WARN_UNGUARDED_AVAILABILITY = YES_AGGRESSIVE;
				CLANG_WARN_UNREACHABLE_CODE = YES;
				CLANG_WARN__DUPLICATE_METHOD_MATCH = YES;
				COPY_PHASE_STRIP = NO;
				DEBUG_INFORMATION_FORMAT = dwarf;
				ENABLE_STRICT_OBJC_MSGSEND = YES;
				ENABLE_TESTABILITY = YES;
				GCC_C_LANGUAGE_STANDARD = gnu11;
				GCC_DYNAMIC_NO_PIC = NO;
				GCC_NO_COMMON_BLOCKS = YES;
				GCC_OPTIMIZATION_LEVEL = 0;
				GCC_PREPROCESSOR_DEFINITIONS = (
					"DEBUG=1",
					"$(inherited)",
				);
				GCC_WARN_64_TO_32_BIT_CONVERSION = YES;
				GCC_WARN_ABOUT_RETURN_TYPE = YES_ERROR;
				GCC_WARN_UNDECLARED_SELECTOR = YES;
				GCC_WARN_UNINITIALIZED_AUTOS = YES_AGGRESSIVE;
				GCC_WARN_UNUSED_FUNCTION = YES;
				GCC_WARN_UNUSED_VARIABLE = YES;
				IPHONEOS_DEPLOYMENT_TARGET = 15.4;
				MTL_ENABLE_DEBUG_INFO = INCLUDE_SOURCE;
				MTL_FAST_MATH = YES;
				ONLY_ACTIVE_ARCH = YES;
				SDKROOT = iphoneos;
				SWIFT_ACTIVE_COMPILATION_CONDITIONS = DEBUG;
				SWIFT_OPTIMIZATION_LEVEL = "-Onone";
			};
			name = Debug;
		};
		B477F0EE286B231600852AFE /* Release */ = {
			isa = XCBuildConfiguration;
			buildSettings = {
				ALWAYS_SEARCH_USER_PATHS = NO;
				CLANG_ANALYZER_NONNULL = YES;
				CLANG_ANALYZER_NUMBER_OBJECT_CONVERSION = YES_AGGRESSIVE;
				CLANG_CXX_LANGUAGE_STANDARD = "gnu++17";
				CLANG_ENABLE_MODULES = YES;
				CLANG_ENABLE_OBJC_ARC = YES;
				CLANG_ENABLE_OBJC_WEAK = YES;
				CLANG_WARN_BLOCK_CAPTURE_AUTORELEASING = YES;
				CLANG_WARN_BOOL_CONVERSION = YES;
				CLANG_WARN_COMMA = YES;
				CLANG_WARN_CONSTANT_CONVERSION = YES;
				CLANG_WARN_DEPRECATED_OBJC_IMPLEMENTATIONS = YES;
				CLANG_WARN_DIRECT_OBJC_ISA_USAGE = YES_ERROR;
				CLANG_WARN_DOCUMENTATION_COMMENTS = YES;
				CLANG_WARN_EMPTY_BODY = YES;
				CLANG_WARN_ENUM_CONVERSION = YES;
				CLANG_WARN_INFINITE_RECURSION = YES;
				CLANG_WARN_INT_CONVERSION = YES;
				CLANG_WARN_NON_LITERAL_NULL_CONVERSION = YES;
				CLANG_WARN_OBJC_IMPLICIT_RETAIN_SELF = YES;
				CLANG_WARN_OBJC_LITERAL_CONVERSION = YES;
				CLANG_WARN_OBJC_ROOT_CLASS = YES_ERROR;
				CLANG_WARN_QUOTED_INCLUDE_IN_FRAMEWORK_HEADER = YES;
				CLANG_WARN_RANGE_LOOP_ANALYSIS = YES;
				CLANG_WARN_STRICT_PROTOTYPES = YES;
				CLANG_WARN_SUSPICIOUS_MOVE = YES;
				CLANG_WARN_UNGUARDED_AVAILABILITY = YES_AGGRESSIVE;
				CLANG_WARN_UNREACHABLE_CODE = YES;
				CLANG_WARN__DUPLICATE_METHOD_MATCH = YES;
				COPY_PHASE_STRIP = NO;
				DEBUG_INFORMATION_FORMAT = "dwarf-with-dsym";
				ENABLE_NS_ASSERTIONS = NO;
				ENABLE_STRICT_OBJC_MSGSEND = YES;
				GCC_C_LANGUAGE_STANDARD = gnu11;
				GCC_NO_COMMON_BLOCKS = YES;
				GCC_WARN_64_TO_32_BIT_CONVERSION = YES;
				GCC_WARN_ABOUT_RETURN_TYPE = YES_ERROR;
				GCC_WARN_UNDECLARED_SELECTOR = YES;
				GCC_WARN_UNINITIALIZED_AUTOS = YES_AGGRESSIVE;
				GCC_WARN_UNUSED_FUNCTION = YES;
				GCC_WARN_UNUSED_VARIABLE = YES;
				IPHONEOS_DEPLOYMENT_TARGET = 15.4;
				MTL_ENABLE_DEBUG_INFO = NO;
				MTL_FAST_MATH = YES;
				SDKROOT = iphoneos;
				SWIFT_COMPILATION_MODE = wholemodule;
				SWIFT_OPTIMIZATION_LEVEL = "-O";
				VALIDATE_PRODUCT = YES;
			};
			name = Release;
		};
		B477F0F0286B231600852AFE /* Debug */ = {
			isa = XCBuildConfiguration;
			buildSettings = {
				ASSETCATALOG_COMPILER_APPICON_NAME = AppIcon;
				ASSETCATALOG_COMPILER_GLOBAL_ACCENT_COLOR_NAME = AccentColor;
				CODE_SIGN_STYLE = Automatic;
				CURRENT_PROJECT_VERSION = 1;
				DEVELOPMENT_ASSET_PATHS = "\"Gotify/Preview Content\"";
				DEVELOPMENT_TEAM = N79NK9S55T;
				ENABLE_PREVIEWS = YES;
				GENERATE_INFOPLIST_FILE = YES;
				INFOPLIST_KEY_UIApplicationSceneManifest_Generation = YES;
				INFOPLIST_KEY_UIApplicationSupportsIndirectInputEvents = YES;
				INFOPLIST_KEY_UILaunchScreen_Generation = YES;
				INFOPLIST_KEY_UISupportedInterfaceOrientations_iPad = "UIInterfaceOrientationPortrait UIInterfaceOrientationPortraitUpsideDown UIInterfaceOrientationLandscapeLeft UIInterfaceOrientationLandscapeRight";
				INFOPLIST_KEY_UISupportedInterfaceOrientations_iPhone = "UIInterfaceOrientationPortrait UIInterfaceOrientationLandscapeLeft UIInterfaceOrientationLandscapeRight";
				LD_RUNPATH_SEARCH_PATHS = (
					"$(inherited)",
					"@executable_path/Frameworks",
				);
				MARKETING_VERSION = 1.0;
				PRODUCT_BUNDLE_IDENTIFIER = com.jenspots.Gotify;
				PRODUCT_NAME = "$(TARGET_NAME)";
				SWIFT_EMIT_LOC_STRINGS = YES;
				SWIFT_VERSION = 5.0;
				TARGETED_DEVICE_FAMILY = "1,2";
			};
			name = Debug;
		};
		B477F0F1286B231600852AFE /* Release */ = {
			isa = XCBuildConfiguration;
			buildSettings = {
				ASSETCATALOG_COMPILER_APPICON_NAME = AppIcon;
				ASSETCATALOG_COMPILER_GLOBAL_ACCENT_COLOR_NAME = AccentColor;
				CODE_SIGN_STYLE = Automatic;
				CURRENT_PROJECT_VERSION = 1;
				DEVELOPMENT_ASSET_PATHS = "\"Gotify/Preview Content\"";
				DEVELOPMENT_TEAM = N79NK9S55T;
				ENABLE_PREVIEWS = YES;
				GENERATE_INFOPLIST_FILE = YES;
				INFOPLIST_KEY_UIApplicationSceneManifest_Generation = YES;
				INFOPLIST_KEY_UIApplicationSupportsIndirectInputEvents = YES;
				INFOPLIST_KEY_UILaunchScreen_Generation = YES;
				INFOPLIST_KEY_UISupportedInterfaceOrientations_iPad = "UIInterfaceOrientationPortrait UIInterfaceOrientationPortraitUpsideDown UIInterfaceOrientationLandscapeLeft UIInterfaceOrientationLandscapeRight";
				INFOPLIST_KEY_UISupportedInterfaceOrientations_iPhone = "UIInterfaceOrientationPortrait UIInterfaceOrientationLandscapeLeft UIInterfaceOrientationLandscapeRight";
				LD_RUNPATH_SEARCH_PATHS = (
					"$(inherited)",
					"@executable_path/Frameworks",
				);
				MARKETING_VERSION = 1.0;
				PRODUCT_BUNDLE_IDENTIFIER = com.jenspots.Gotify;
				PRODUCT_NAME = "$(TARGET_NAME)";
				SWIFT_EMIT_LOC_STRINGS = YES;
				SWIFT_VERSION = 5.0;
				TARGETED_DEVICE_FAMILY = "1,2";
			};
			name = Release;
		};
/* End XCBuildConfiguration section */

/* Begin XCConfigurationList section */
		B477F0D7286B231500852AFE /* Build configuration list for PBXProject "Gotify" */ = {
			isa = XCConfigurationList;
			buildConfigurations = (
				B477F0ED286B231600852AFE /* Debug */,
				B477F0EE286B231600852AFE /* Release */,
			);
			defaultConfigurationIsVisible = 0;
			defaultConfigurationName = Release;
		};
		B477F0EF286B231600852AFE /* Build configuration list for PBXNativeTarget "Gotify" */ = {
			isa = XCConfigurationList;
			buildConfigurations = (
				B477F0F0286B231600852AFE /* Debug */,
				B477F0F1286B231600852AFE /* Release */,
			);
			defaultConfigurationIsVisible = 0;
			defaultConfigurationName = Release;
		};
/* End XCConfigurationList section */

/* Begin XCRemoteSwiftPackageReference section */
		B477F102286B28CC00852AFE /* XCRemoteSwiftPackageReference "Alamofire" */ = {
			isa = XCRemoteSwiftPackageReference;
			repositoryURL = "https://github.com/Alamofire/Alamofire.git";
			requirement = {
				kind = upToNextMajorVersion;
				minimumVersion = 5.0.0;
			};
		};
/* End XCRemoteSwiftPackageReference section */

/* Begin XCSwiftPackageProductDependency section */
		B477F103286B28CC00852AFE /* Alamofire */ = {
			isa = XCSwiftPackageProductDependency;
			package = B477F102286B28CC00852AFE /* XCRemoteSwiftPackageReference "Alamofire" */;
			productName = Alamofire;
		};
/* End XCSwiftPackageProductDependency section */

/* Begin XCVersionGroup section */
		B477F0EA286B231600852AFE /* Gotify.xcdatamodeld */ = {
			isa = XCVersionGroup;
			children = (
				B477F0EB286B231600852AFE /* Gotify.xcdatamodel */,
			);
			currentVersion = B477F0EB286B231600852AFE /* Gotify.xcdatamodel */;
			path = Gotify.xcdatamodeld;
			sourceTree = "<group>";
			versionGroupType = wrapper.xcdatamodel;
		};
/* End XCVersionGroup section */
	};
	rootObject = B477F0D4286B231500852AFE /* Project object */;
}
